// !$*UTF8*$!
{
	archiveVersion = 1;
	classes = {
	};
	objectVersion = 56;
	objects = {

/* Begin PBXBuildFile section */
		80D53A9E29DC33F70097E163 /* AppDelegate.swift in Sources */ = {isa = PBXBuildFile; fileRef = 80D53A9D29DC33F70097E163 /* AppDelegate.swift */; };
		80D53AA029DC33F70097E163 /* SceneDelegate.swift in Sources */ = {isa = PBXBuildFile; fileRef = 80D53A9F29DC33F70097E163 /* SceneDelegate.swift */; };
		80D53AA729DC33F70097E163 /* Assets.xcassets in Resources */ = {isa = PBXBuildFile; fileRef = 80D53AA629DC33F70097E163 /* Assets.xcassets */; };
		80D53AAA29DC33F70097E163 /* LaunchScreen.storyboard in Resources */ = {isa = PBXBuildFile; fileRef = 80D53AA829DC33F70097E163 /* LaunchScreen.storyboard */; };
		80D53AB529DC33F70097E163 /* WalETests.swift in Sources */ = {isa = PBXBuildFile; fileRef = 80D53AB429DC33F70097E163 /* WalETests.swift */; };
		80D53ABF29DC33F80097E163 /* WalEUITests.swift in Sources */ = {isa = PBXBuildFile; fileRef = 80D53ABE29DC33F80097E163 /* WalEUITests.swift */; };
		80D53AC129DC33F80097E163 /* WalEUITestsLaunchTests.swift in Sources */ = {isa = PBXBuildFile; fileRef = 80D53AC029DC33F80097E163 /* WalEUITestsLaunchTests.swift */; };
		80D53AD129DC36400097E163 /* DataModels.swift in Sources */ = {isa = PBXBuildFile; fileRef = 80D53AD029DC36400097E163 /* DataModels.swift */; };
		80D53AD329DC36B40097E163 /* APIConfiguration.swift in Sources */ = {isa = PBXBuildFile; fileRef = 80D53AD229DC36B40097E163 /* APIConfiguration.swift */; };
		80D53AD529DC37EE0097E163 /* NetworkClient.swift in Sources */ = {isa = PBXBuildFile; fileRef = 80D53AD429DC37EE0097E163 /* NetworkClient.swift */; };
		80D53AD829DC38B40097E163 /* TestViewController.swift in Sources */ = {isa = PBXBuildFile; fileRef = 80D53AD729DC38B40097E163 /* TestViewController.swift */; };
		80D53ADB29DC3A0C0097E163 /* OfflineStoreClient.swift in Sources */ = {isa = PBXBuildFile; fileRef = 80D53ADA29DC3A0C0097E163 /* OfflineStoreClient.swift */; };
		80D53ADE29DC3A890097E163 /* WalE_DB.xcdatamodeld in Sources */ = {isa = PBXBuildFile; fileRef = 80D53ADC29DC3A890097E163 /* WalE_DB.xcdatamodeld */; };
		80D53AE129DC3B4A0097E163 /* CDImageData+CoreDataClass.swift in Sources */ = {isa = PBXBuildFile; fileRef = 80D53ADF29DC3B4A0097E163 /* CDImageData+CoreDataClass.swift */; };
		80D53AE229DC3B4A0097E163 /* CDImageData+CoreDataProperties.swift in Sources */ = {isa = PBXBuildFile; fileRef = 80D53AE029DC3B4A0097E163 /* CDImageData+CoreDataProperties.swift */; };
		80D53AE429DC3F480097E163 /* CommonService.swift in Sources */ = {isa = PBXBuildFile; fileRef = 80D53AE329DC3F480097E163 /* CommonService.swift */; };
		80D53AE929DC42F20097E163 /* LandingViewController.swift in Sources */ = {isa = PBXBuildFile; fileRef = 80D53AE829DC42F20097E163 /* LandingViewController.swift */; };
		80D53AEB29DC42FF0097E163 /* LandingViewModel.swift in Sources */ = {isa = PBXBuildFile; fileRef = 80D53AEA29DC42FF0097E163 /* LandingViewModel.swift */; };
/* End PBXBuildFile section */

/* Begin PBXContainerItemProxy section */
		80D53AB129DC33F70097E163 /* PBXContainerItemProxy */ = {
			isa = PBXContainerItemProxy;
			containerPortal = 80D53A9229DC33F70097E163 /* Project object */;
			proxyType = 1;
			remoteGlobalIDString = 80D53A9929DC33F70097E163;
			remoteInfo = WalE;
		};
		80D53ABB29DC33F80097E163 /* PBXContainerItemProxy */ = {
			isa = PBXContainerItemProxy;
			containerPortal = 80D53A9229DC33F70097E163 /* Project object */;
			proxyType = 1;
			remoteGlobalIDString = 80D53A9929DC33F70097E163;
			remoteInfo = WalE;
		};
/* End PBXContainerItemProxy section */

/* Begin PBXFileReference section */
		80D53A9A29DC33F70097E163 /* WalE.app */ = {isa = PBXFileReference; explicitFileType = wrapper.application; includeInIndex = 0; path = WalE.app; sourceTree = BUILT_PRODUCTS_DIR; };
		80D53A9D29DC33F70097E163 /* AppDelegate.swift */ = {isa = PBXFileReference; lastKnownFileType = sourcecode.swift; path = AppDelegate.swift; sourceTree = "<group>"; };
		80D53A9F29DC33F70097E163 /* SceneDelegate.swift */ = {isa = PBXFileReference; lastKnownFileType = sourcecode.swift; path = SceneDelegate.swift; sourceTree = "<group>"; };
		80D53AA629DC33F70097E163 /* Assets.xcassets */ = {isa = PBXFileReference; lastKnownFileType = folder.assetcatalog; path = Assets.xcassets; sourceTree = "<group>"; };
		80D53AA929DC33F70097E163 /* Base */ = {isa = PBXFileReference; lastKnownFileType = file.storyboard; name = Base; path = Base.lproj/LaunchScreen.storyboard; sourceTree = "<group>"; };
		80D53AAB29DC33F70097E163 /* Info.plist */ = {isa = PBXFileReference; lastKnownFileType = text.plist.xml; path = Info.plist; sourceTree = "<group>"; };
		80D53AB029DC33F70097E163 /* WalETests.xctest */ = {isa = PBXFileReference; explicitFileType = wrapper.cfbundle; includeInIndex = 0; path = WalETests.xctest; sourceTree = BUILT_PRODUCTS_DIR; };
		80D53AB429DC33F70097E163 /* WalETests.swift */ = {isa = PBXFileReference; lastKnownFileType = sourcecode.swift; path = WalETests.swift; sourceTree = "<group>"; };
		80D53ABA29DC33F80097E163 /* WalEUITests.xctest */ = {isa = PBXFileReference; explicitFileType = wrapper.cfbundle; includeInIndex = 0; path = WalEUITests.xctest; sourceTree = BUILT_PRODUCTS_DIR; };
		80D53ABE29DC33F80097E163 /* WalEUITests.swift */ = {isa = PBXFileReference; lastKnownFileType = sourcecode.swift; path = WalEUITests.swift; sourceTree = "<group>"; };
		80D53AC029DC33F80097E163 /* WalEUITestsLaunchTests.swift */ = {isa = PBXFileReference; lastKnownFileType = sourcecode.swift; path = WalEUITestsLaunchTests.swift; sourceTree = "<group>"; };
		80D53AD029DC36400097E163 /* DataModels.swift */ = {isa = PBXFileReference; lastKnownFileType = sourcecode.swift; path = DataModels.swift; sourceTree = "<group>"; };
		80D53AD229DC36B40097E163 /* APIConfiguration.swift */ = {isa = PBXFileReference; lastKnownFileType = sourcecode.swift; path = APIConfiguration.swift; sourceTree = "<group>"; };
		80D53AD429DC37EE0097E163 /* NetworkClient.swift */ = {isa = PBXFileReference; lastKnownFileType = sourcecode.swift; path = NetworkClient.swift; sourceTree = "<group>"; };
		80D53AD729DC38B40097E163 /* TestViewController.swift */ = {isa = PBXFileReference; lastKnownFileType = sourcecode.swift; path = TestViewController.swift; sourceTree = "<group>"; };
		80D53ADA29DC3A0C0097E163 /* OfflineStoreClient.swift */ = {isa = PBXFileReference; lastKnownFileType = sourcecode.swift; path = OfflineStoreClient.swift; sourceTree = "<group>"; };
		80D53ADD29DC3A890097E163 /* WalE_DB.xcdatamodel */ = {isa = PBXFileReference; lastKnownFileType = wrapper.xcdatamodel; path = WalE_DB.xcdatamodel; sourceTree = "<group>"; };
		80D53ADF29DC3B4A0097E163 /* CDImageData+CoreDataClass.swift */ = {isa = PBXFileReference; lastKnownFileType = sourcecode.swift; path = "CDImageData+CoreDataClass.swift"; sourceTree = SOURCE_ROOT; };
		80D53AE029DC3B4A0097E163 /* CDImageData+CoreDataProperties.swift */ = {isa = PBXFileReference; lastKnownFileType = sourcecode.swift; path = "CDImageData+CoreDataProperties.swift"; sourceTree = SOURCE_ROOT; };
		80D53AE329DC3F480097E163 /* CommonService.swift */ = {isa = PBXFileReference; lastKnownFileType = sourcecode.swift; path = CommonService.swift; sourceTree = "<group>"; };
		80D53AE829DC42F20097E163 /* LandingViewController.swift */ = {isa = PBXFileReference; lastKnownFileType = sourcecode.swift; path = LandingViewController.swift; sourceTree = "<group>"; };
		80D53AEA29DC42FF0097E163 /* LandingViewModel.swift */ = {isa = PBXFileReference; lastKnownFileType = sourcecode.swift; path = LandingViewModel.swift; sourceTree = "<group>"; };
/* End PBXFileReference section */

/* Begin PBXFrameworksBuildPhase section */
		80D53A9729DC33F70097E163 /* Frameworks */ = {
			isa = PBXFrameworksBuildPhase;
			buildActionMask = 2147483647;
			files = (
			);
			runOnlyForDeploymentPostprocessing = 0;
		};
		80D53AAD29DC33F70097E163 /* Frameworks */ = {
			isa = PBXFrameworksBuildPhase;
			buildActionMask = 2147483647;
			files = (
			);
			runOnlyForDeploymentPostprocessing = 0;
		};
		80D53AB729DC33F80097E163 /* Frameworks */ = {
			isa = PBXFrameworksBuildPhase;
			buildActionMask = 2147483647;
			files = (
			);
			runOnlyForDeploymentPostprocessing = 0;
		};
/* End PBXFrameworksBuildPhase section */

/* Begin PBXGroup section */
		80D53A9129DC33F70097E163 = {
			isa = PBXGroup;
			children = (
				80D53A9C29DC33F70097E163 /* WalE */,
				80D53AB329DC33F70097E163 /* WalETests */,
				80D53ABD29DC33F80097E163 /* WalEUITests */,
				80D53A9B29DC33F70097E163 /* Products */,
			);
			sourceTree = "<group>";
		};
		80D53A9B29DC33F70097E163 /* Products */ = {
			isa = PBXGroup;
			children = (
				80D53A9A29DC33F70097E163 /* WalE.app */,
				80D53AB029DC33F70097E163 /* WalETests.xctest */,
				80D53ABA29DC33F80097E163 /* WalEUITests.xctest */,
			);
			name = Products;
			sourceTree = "<group>";
		};
		80D53A9C29DC33F70097E163 /* WalE */ = {
			isa = PBXGroup;
			children = (
				80D53AE529DC42BB0097E163 /* Features */,
				80D53AD929DC39D10097E163 /* OfflineStoreModule */,
				80D53AD629DC38950097E163 /* Composition */,
				80D53ACF29DC362F0097E163 /* DataModels */,
				80D53ACD29DC35EF0097E163 /* NetworkModule */,
				80D53A9D29DC33F70097E163 /* AppDelegate.swift */,
				80D53A9F29DC33F70097E163 /* SceneDelegate.swift */,
				80D53AA629DC33F70097E163 /* Assets.xcassets */,
				80D53AA829DC33F70097E163 /* LaunchScreen.storyboard */,
				80D53AAB29DC33F70097E163 /* Info.plist */,
			);
			path = WalE;
			sourceTree = "<group>";
		};
		80D53AB329DC33F70097E163 /* WalETests */ = {
			isa = PBXGroup;
			children = (
				80D53AB429DC33F70097E163 /* WalETests.swift */,
			);
			path = WalETests;
			sourceTree = "<group>";
		};
		80D53ABD29DC33F80097E163 /* WalEUITests */ = {
			isa = PBXGroup;
			children = (
				80D53ABE29DC33F80097E163 /* WalEUITests.swift */,
				80D53AC029DC33F80097E163 /* WalEUITestsLaunchTests.swift */,
			);
			path = WalEUITests;
			sourceTree = "<group>";
		};
		80D53ACD29DC35EF0097E163 /* NetworkModule */ = {
			isa = PBXGroup;
			children = (
				80D53AD229DC36B40097E163 /* APIConfiguration.swift */,
				80D53AD429DC37EE0097E163 /* NetworkClient.swift */,
			);
			path = NetworkModule;
			sourceTree = "<group>";
		};
		80D53ACF29DC362F0097E163 /* DataModels */ = {
			isa = PBXGroup;
			children = (
				80D53AD029DC36400097E163 /* DataModels.swift */,
			);
			path = DataModels;
			sourceTree = "<group>";
		};
		80D53AD629DC38950097E163 /* Composition */ = {
			isa = PBXGroup;
			children = (
				80D53AD729DC38B40097E163 /* TestViewController.swift */,
				80D53AE329DC3F480097E163 /* CommonService.swift */,
			);
			path = Composition;
			sourceTree = "<group>";
		};
		80D53AD929DC39D10097E163 /* OfflineStoreModule */ = {
			isa = PBXGroup;
			children = (
				80D53ADF29DC3B4A0097E163 /* CDImageData+CoreDataClass.swift */,
				80D53AE029DC3B4A0097E163 /* CDImageData+CoreDataProperties.swift */,
				80D53ADA29DC3A0C0097E163 /* OfflineStoreClient.swift */,
				80D53ADC29DC3A890097E163 /* WalE_DB.xcdatamodeld */,
			);
			path = OfflineStoreModule;
			sourceTree = "<group>";
		};
		80D53AE529DC42BB0097E163 /* Features */ = {
			isa = PBXGroup;
			children = (
				80D53AE629DC42CC0097E163 /* PicOfTheDayFeature */,
			);
			path = Features;
			sourceTree = "<group>";
		};
		80D53AE629DC42CC0097E163 /* PicOfTheDayFeature */ = {
			isa = PBXGroup;
			children = (
				80D53AE729DC42E00097E163 /* LandingView */,
			);
			path = PicOfTheDayFeature;
			sourceTree = "<group>";
		};
		80D53AE729DC42E00097E163 /* LandingView */ = {
			isa = PBXGroup;
			children = (
				80D53AE829DC42F20097E163 /* LandingViewController.swift */,
				80D53AEA29DC42FF0097E163 /* LandingViewModel.swift */,
			);
			path = LandingView;
			sourceTree = "<group>";
		};
/* End PBXGroup section */

/* Begin PBXNativeTarget section */
		80D53A9929DC33F70097E163 /* WalE */ = {
			isa = PBXNativeTarget;
			buildConfigurationList = 80D53AC429DC33F80097E163 /* Build configuration list for PBXNativeTarget "WalE" */;
			buildPhases = (
				80D53A9629DC33F70097E163 /* Sources */,
				80D53A9729DC33F70097E163 /* Frameworks */,
				80D53A9829DC33F70097E163 /* Resources */,
			);
			buildRules = (
			);
			dependencies = (
			);
			name = WalE;
			productName = WalE;
			productReference = 80D53A9A29DC33F70097E163 /* WalE.app */;
			productType = "com.apple.product-type.application";
		};
		80D53AAF29DC33F70097E163 /* WalETests */ = {
			isa = PBXNativeTarget;
			buildConfigurationList = 80D53AC729DC33F80097E163 /* Build configuration list for PBXNativeTarget "WalETests" */;
			buildPhases = (
				80D53AAC29DC33F70097E163 /* Sources */,
				80D53AAD29DC33F70097E163 /* Frameworks */,
				80D53AAE29DC33F70097E163 /* Resources */,
			);
			buildRules = (
			);
			dependencies = (
				80D53AB229DC33F70097E163 /* PBXTargetDependency */,
			);
			name = WalETests;
			productName = WalETests;
			productReference = 80D53AB029DC33F70097E163 /* WalETests.xctest */;
			productType = "com.apple.product-type.bundle.unit-test";
		};
		80D53AB929DC33F80097E163 /* WalEUITests */ = {
			isa = PBXNativeTarget;
			buildConfigurationList = 80D53ACA29DC33F80097E163 /* Build configuration list for PBXNativeTarget "WalEUITests" */;
			buildPhases = (
				80D53AB629DC33F80097E163 /* Sources */,
				80D53AB729DC33F80097E163 /* Frameworks */,
				80D53AB829DC33F80097E163 /* Resources */,
			);
			buildRules = (
			);
			dependencies = (
				80D53ABC29DC33F80097E163 /* PBXTargetDependency */,
			);
			name = WalEUITests;
			productName = WalEUITests;
			productReference = 80D53ABA29DC33F80097E163 /* WalEUITests.xctest */;
			productType = "com.apple.product-type.bundle.ui-testing";
		};
/* End PBXNativeTarget section */

/* Begin PBXProject section */
		80D53A9229DC33F70097E163 /* Project object */ = {
			isa = PBXProject;
			attributes = {
				BuildIndependentTargetsInParallel = 1;
				LastSwiftUpdateCheck = 1420;
				LastUpgradeCheck = 1420;
				TargetAttributes = {
					80D53A9929DC33F70097E163 = {
						CreatedOnToolsVersion = 14.2;
					};
					80D53AAF29DC33F70097E163 = {
						CreatedOnToolsVersion = 14.2;
						TestTargetID = 80D53A9929DC33F70097E163;
					};
					80D53AB929DC33F80097E163 = {
						CreatedOnToolsVersion = 14.2;
						TestTargetID = 80D53A9929DC33F70097E163;
					};
				};
			};
			buildConfigurationList = 80D53A9529DC33F70097E163 /* Build configuration list for PBXProject "WalE" */;
			compatibilityVersion = "Xcode 14.0";
			developmentRegion = en;
			hasScannedForEncodings = 0;
			knownRegions = (
				en,
				Base,
			);
			mainGroup = 80D53A9129DC33F70097E163;
			productRefGroup = 80D53A9B29DC33F70097E163 /* Products */;
			projectDirPath = "";
			projectRoot = "";
			targets = (
				80D53A9929DC33F70097E163 /* WalE */,
				80D53AAF29DC33F70097E163 /* WalETests */,
				80D53AB929DC33F80097E163 /* WalEUITests */,
			);
		};
/* End PBXProject section */

/* Begin PBXResourcesBuildPhase section */
		80D53A9829DC33F70097E163 /* Resources */ = {
			isa = PBXResourcesBuildPhase;
			buildActionMask = 2147483647;
			files = (
				80D53AAA29DC33F70097E163 /* LaunchScreen.storyboard in Resources */,
				80D53AA729DC33F70097E163 /* Assets.xcassets in Resources */,
			);
			runOnlyForDeploymentPostprocessing = 0;
		};
		80D53AAE29DC33F70097E163 /* Resources */ = {
			isa = PBXResourcesBuildPhase;
			buildActionMask = 2147483647;
			files = (
			);
			runOnlyForDeploymentPostprocessing = 0;
		};
		80D53AB829DC33F80097E163 /* Resources */ = {
			isa = PBXResourcesBuildPhase;
			buildActionMask = 2147483647;
			files = (
			);
			runOnlyForDeploymentPostprocessing = 0;
		};
/* End PBXResourcesBuildPhase section */

/* Begin PBXSourcesBuildPhase section */
		80D53A9629DC33F70097E163 /* Sources */ = {
			isa = PBXSourcesBuildPhase;
			buildActionMask = 2147483647;
			files = (
				80D53AD129DC36400097E163 /* DataModels.swift in Sources */,
				80D53ADB29DC3A0C0097E163 /* OfflineStoreClient.swift in Sources */,
				80D53AE229DC3B4A0097E163 /* CDImageData+CoreDataProperties.swift in Sources */,
				80D53ADE29DC3A890097E163 /* WalE_DB.xcdatamodeld in Sources */,
				80D53AD529DC37EE0097E163 /* NetworkClient.swift in Sources */,
				80D53A9E29DC33F70097E163 /* AppDelegate.swift in Sources */,
				80D53AA029DC33F70097E163 /* SceneDelegate.swift in Sources */,
				80D53AE429DC3F480097E163 /* CommonService.swift in Sources */,
				80D53AD829DC38B40097E163 /* TestViewController.swift in Sources */,
				80D53AE129DC3B4A0097E163 /* CDImageData+CoreDataClass.swift in Sources */,
				80D53AEB29DC42FF0097E163 /* LandingViewModel.swift in Sources */,
				80D53AE929DC42F20097E163 /* LandingViewController.swift in Sources */,
				80D53AD329DC36B40097E163 /* APIConfiguration.swift in Sources */,
			);
			runOnlyForDeploymentPostprocessing = 0;
		};
		80D53AAC29DC33F70097E163 /* Sources */ = {
			isa = PBXSourcesBuildPhase;
			buildActionMask = 2147483647;
			files = (
				80D53AB529DC33F70097E163 /* WalETests.swift in Sources */,
			);
			runOnlyForDeploymentPostprocessing = 0;
		};
		80D53AB629DC33F80097E163 /* Sources */ = {
			isa = PBXSourcesBuildPhase;
			buildActionMask = 2147483647;
			files = (
				80D53ABF29DC33F80097E163 /* WalEUITests.swift in Sources */,
				80D53AC129DC33F80097E163 /* WalEUITestsLaunchTests.swift in Sources */,
			);
			runOnlyForDeploymentPostprocessing = 0;
		};
/* End PBXSourcesBuildPhase section */

/* Begin PBXTargetDependency section */
		80D53AB229DC33F70097E163 /* PBXTargetDependency */ = {
			isa = PBXTargetDependency;
			target = 80D53A9929DC33F70097E163 /* WalE */;
			targetProxy = 80D53AB129DC33F70097E163 /* PBXContainerItemProxy */;
		};
		80D53ABC29DC33F80097E163 /* PBXTargetDependency */ = {
			isa = PBXTargetDependency;
			target = 80D53A9929DC33F70097E163 /* WalE */;
			targetProxy = 80D53ABB29DC33F80097E163 /* PBXContainerItemProxy */;
		};
/* End PBXTargetDependency section */

/* Begin PBXVariantGroup section */
		80D53AA829DC33F70097E163 /* LaunchScreen.storyboard */ = {
			isa = PBXVariantGroup;
			children = (
				80D53AA929DC33F70097E163 /* Base */,
			);
			name = LaunchScreen.storyboard;
			sourceTree = "<group>";
		};
/* End PBXVariantGroup section */

/* Begin XCBuildConfiguration section */
		80D53AC229DC33F80097E163 /* Debug */ = {
			isa = XCBuildConfiguration;
			buildSettings = {
				ALWAYS_SEARCH_USER_PATHS = NO;
				CLANG_ANALYZER_NONNULL = YES;
				CLANG_ANALYZER_NUMBER_OBJECT_CONVERSION = YES_AGGRESSIVE;
				CLANG_CXX_LANGUAGE_STANDARD = "gnu++20";
				CLANG_ENABLE_MODULES = YES;
				CLANG_ENABLE_OBJC_ARC = YES;
				CLANG_ENABLE_OBJC_WEAK = YES;
				CLANG_WARN_BLOCK_CAPTURE_AUTORELEASING = YES;
				CLANG_WARN_BOOL_CONVERSION = YES;
				CLANG_WARN_COMMA = YES;
				CLANG_WARN_CONSTANT_CONVERSION = YES;
				CLANG_WARN_DEPRECATED_OBJC_IMPLEMENTATIONS = YES;
				CLANG_WARN_DIRECT_OBJC_ISA_USAGE = YES_ERROR;
				CLANG_WARN_DOCUMENTATION_COMMENTS = YES;
				CLANG_WARN_EMPTY_BODY = YES;
				CLANG_WARN_ENUM_CONVERSION = YES;
				CLANG_WARN_INFINITE_RECURSION = YES;
				CLANG_WARN_INT_CONVERSION = YES;
				CLANG_WARN_NON_LITERAL_NULL_CONVERSION = YES;
				CLANG_WARN_OBJC_IMPLICIT_RETAIN_SELF = YES;
				CLANG_WARN_OBJC_LITERAL_CONVERSION = YES;
				CLANG_WARN_OBJC_ROOT_CLASS = YES_ERROR;
				CLANG_WARN_QUOTED_INCLUDE_IN_FRAMEWORK_HEADER = YES;
				CLANG_WARN_RANGE_LOOP_ANALYSIS = YES;
				CLANG_WARN_STRICT_PROTOTYPES = YES;
				CLANG_WARN_SUSPICIOUS_MOVE = YES;
				CLANG_WARN_UNGUARDED_AVAILABILITY = YES_AGGRESSIVE;
				CLANG_WARN_UNREACHABLE_CODE = YES;
				CLANG_WARN__DUPLICATE_METHOD_MATCH = YES;
				COPY_PHASE_STRIP = NO;
				DEBUG_INFORMATION_FORMAT = dwarf;
				ENABLE_STRICT_OBJC_MSGSEND = YES;
				ENABLE_TESTABILITY = YES;
				GCC_C_LANGUAGE_STANDARD = gnu11;
				GCC_DYNAMIC_NO_PIC = NO;
				GCC_NO_COMMON_BLOCKS = YES;
				GCC_OPTIMIZATION_LEVEL = 0;
				GCC_PREPROCESSOR_DEFINITIONS = (
					"DEBUG=1",
					"$(inherited)",
				);
				GCC_WARN_64_TO_32_BIT_CONVERSION = YES;
				GCC_WARN_ABOUT_RETURN_TYPE = YES_ERROR;
				GCC_WARN_UNDECLARED_SELECTOR = YES;
				GCC_WARN_UNINITIALIZED_AUTOS = YES_AGGRESSIVE;
				GCC_WARN_UNUSED_FUNCTION = YES;
				GCC_WARN_UNUSED_VARIABLE = YES;
				IPHONEOS_DEPLOYMENT_TARGET = 16.2;
				MTL_ENABLE_DEBUG_INFO = INCLUDE_SOURCE;
				MTL_FAST_MATH = YES;
				ONLY_ACTIVE_ARCH = YES;
				SDKROOT = iphoneos;
				SWIFT_ACTIVE_COMPILATION_CONDITIONS = DEBUG;
				SWIFT_OPTIMIZATION_LEVEL = "-Onone";
			};
			name = Debug;
		};
		80D53AC329DC33F80097E163 /* Release */ = {
			isa = XCBuildConfiguration;
			buildSettings = {
				ALWAYS_SEARCH_USER_PATHS = NO;
				CLANG_ANALYZER_NONNULL = YES;
				CLANG_ANALYZER_NUMBER_OBJECT_CONVERSION = YES_AGGRESSIVE;
				CLANG_CXX_LANGUAGE_STANDARD = "gnu++20";
				CLANG_ENABLE_MODULES = YES;
				CLANG_ENABLE_OBJC_ARC = YES;
				CLANG_ENABLE_OBJC_WEAK = YES;
				CLANG_WARN_BLOCK_CAPTURE_AUTORELEASING = YES;
				CLANG_WARN_BOOL_CONVERSION = YES;
				CLANG_WARN_COMMA = YES;
				CLANG_WARN_CONSTANT_CONVERSION = YES;
				CLANG_WARN_DEPRECATED_OBJC_IMPLEMENTATIONS = YES;
				CLANG_WARN_DIRECT_OBJC_ISA_USAGE = YES_ERROR;
				CLANG_WARN_DOCUMENTATION_COMMENTS = YES;
				CLANG_WARN_EMPTY_BODY = YES;
				CLANG_WARN_ENUM_CONVERSION = YES;
				CLANG_WARN_INFINITE_RECURSION = YES;
				CLANG_WARN_INT_CONVERSION = YES;
				CLANG_WARN_NON_LITERAL_NULL_CONVERSION = YES;
				CLANG_WARN_OBJC_IMPLICIT_RETAIN_SELF = YES;
				CLANG_WARN_OBJC_LITERAL_CONVERSION = YES;
				CLANG_WARN_OBJC_ROOT_CLASS = YES_ERROR;
				CLANG_WARN_QUOTED_INCLUDE_IN_FRAMEWORK_HEADER = YES;
				CLANG_WARN_RANGE_LOOP_ANALYSIS = YES;
				CLANG_WARN_STRICT_PROTOTYPES = YES;
				CLANG_WARN_SUSPICIOUS_MOVE = YES;
				CLANG_WARN_UNGUARDED_AVAILABILITY = YES_AGGRESSIVE;
				CLANG_WARN_UNREACHABLE_CODE = YES;
				CLANG_WARN__DUPLICATE_METHOD_MATCH = YES;
				COPY_PHASE_STRIP = NO;
				DEBUG_INFORMATION_FORMAT = "dwarf-with-dsym";
				ENABLE_NS_ASSERTIONS = NO;
				ENABLE_STRICT_OBJC_MSGSEND = YES;
				GCC_C_LANGUAGE_STANDARD = gnu11;
				GCC_NO_COMMON_BLOCKS = YES;
				GCC_WARN_64_TO_32_BIT_CONVERSION = YES;
				GCC_WARN_ABOUT_RETURN_TYPE = YES_ERROR;
				GCC_WARN_UNDECLARED_SELECTOR = YES;
				GCC_WARN_UNINITIALIZED_AUTOS = YES_AGGRESSIVE;
				GCC_WARN_UNUSED_FUNCTION = YES;
				GCC_WARN_UNUSED_VARIABLE = YES;
				IPHONEOS_DEPLOYMENT_TARGET = 16.2;
				MTL_ENABLE_DEBUG_INFO = NO;
				MTL_FAST_MATH = YES;
				SDKROOT = iphoneos;
				SWIFT_COMPILATION_MODE = wholemodule;
				SWIFT_OPTIMIZATION_LEVEL = "-O";
				VALIDATE_PRODUCT = YES;
			};
			name = Release;
		};
		80D53AC529DC33F80097E163 /* Debug */ = {
			isa = XCBuildConfiguration;
			buildSettings = {
				ASSETCATALOG_COMPILER_APPICON_NAME = AppIcon;
				ASSETCATALOG_COMPILER_GLOBAL_ACCENT_COLOR_NAME = AccentColor;
				CODE_SIGN_STYLE = Automatic;
				CURRENT_PROJECT_VERSION = 1;
				GENERATE_INFOPLIST_FILE = YES;
				INFOPLIST_FILE = WalE/Info.plist;
				INFOPLIST_KEY_UIApplicationSupportsIndirectInputEvents = YES;
				INFOPLIST_KEY_UILaunchStoryboardName = LaunchScreen;
				INFOPLIST_KEY_UIMainStoryboardFile = "";
				INFOPLIST_KEY_UISupportedInterfaceOrientations = UIInterfaceOrientationPortrait;
				INFOPLIST_KEY_UISupportedInterfaceOrientations_iPad = "UIInterfaceOrientationLandscapeLeft UIInterfaceOrientationLandscapeRight UIInterfaceOrientationPortrait UIInterfaceOrientationPortraitUpsideDown";
				LD_RUNPATH_SEARCH_PATHS = (
					"$(inherited)",
					"@executable_path/Frameworks",
				);
				MARKETING_VERSION = 1.0;
				PRODUCT_BUNDLE_IDENTIFIER = com.company.WalE;
				PRODUCT_NAME = "$(TARGET_NAME)";
				SUPPORTED_PLATFORMS = "iphoneos iphonesimulator";
				SUPPORTS_MACCATALYST = NO;
				SUPPORTS_MAC_DESIGNED_FOR_IPHONE_IPAD = NO;
				SWIFT_EMIT_LOC_STRINGS = YES;
				SWIFT_VERSION = 5.0;
				TARGETED_DEVICE_FAMILY = 1;
			};
			name = Debug;
		};
		80D53AC629DC33F80097E163 /* Release */ = {
			isa = XCBuildConfiguration;
			buildSettings = {
				ASSETCATALOG_COMPILER_APPICON_NAME = AppIcon;
				ASSETCATALOG_COMPILER_GLOBAL_ACCENT_COLOR_NAME = AccentColor;
				CODE_SIGN_STYLE = Automatic;
				CURRENT_PROJECT_VERSION = 1;
				GENERATE_INFOPLIST_FILE = YES;
				INFOPLIST_FILE = WalE/Info.plist;
				INFOPLIST_KEY_UIApplicationSupportsIndirectInputEvents = YES;
				INFOPLIST_KEY_UILaunchStoryboardName = LaunchScreen;
				INFOPLIST_KEY_UIMainStoryboardFile = "";
				INFOPLIST_KEY_UISupportedInterfaceOrientations = UIInterfaceOrientationPortrait;
				INFOPLIST_KEY_UISupportedInterfaceOrientations_iPad = "UIInterfaceOrientationLandscapeLeft UIInterfaceOrientationLandscapeRight UIInterfaceOrientationPortrait UIInterfaceOrientationPortraitUpsideDown";
				LD_RUNPATH_SEARCH_PATHS = (
					"$(inherited)",
					"@executable_path/Frameworks",
				);
				MARKETING_VERSION = 1.0;
				PRODUCT_BUNDLE_IDENTIFIER = com.company.WalE;
				PRODUCT_NAME = "$(TARGET_NAME)";
				SUPPORTED_PLATFORMS = "iphoneos iphonesimulator";
				SUPPORTS_MACCATALYST = NO;
				SUPPORTS_MAC_DESIGNED_FOR_IPHONE_IPAD = NO;
				SWIFT_EMIT_LOC_STRINGS = YES;
				SWIFT_VERSION = 5.0;
				TARGETED_DEVICE_FAMILY = 1;
			};
			name = Release;
		};
		80D53AC829DC33F80097E163 /* Debug */ = {
			isa = XCBuildConfiguration;
			buildSettings = {
				ALWAYS_EMBED_SWIFT_STANDARD_LIBRARIES = YES;
				BUNDLE_LOADER = "$(TEST_HOST)";
				CODE_SIGN_STYLE = Automatic;
				CURRENT_PROJECT_VERSION = 1;
				GENERATE_INFOPLIST_FILE = YES;
				IPHONEOS_DEPLOYMENT_TARGET = 16.2;
				MARKETING_VERSION = 1.0;
				PRODUCT_BUNDLE_IDENTIFIER = com.company.WalETests;
				PRODUCT_NAME = "$(TARGET_NAME)";
				SWIFT_EMIT_LOC_STRINGS = NO;
				SWIFT_VERSION = 5.0;
				TARGETED_DEVICE_FAMILY = "1,2";
				TEST_HOST = "$(BUILT_PRODUCTS_DIR)/WalE.app/$(BUNDLE_EXECUTABLE_FOLDER_PATH)/WalE";
			};
			name = Debug;
		};
		80D53AC929DC33F80097E163 /* Release */ = {
			isa = XCBuildConfiguration;
			buildSettings = {
				ALWAYS_EMBED_SWIFT_STANDARD_LIBRARIES = YES;
				BUNDLE_LOADER = "$(TEST_HOST)";
				CODE_SIGN_STYLE = Automatic;
				CURRENT_PROJECT_VERSION = 1;
				GENERATE_INFOPLIST_FILE = YES;
				IPHONEOS_DEPLOYMENT_TARGET = 16.2;
				MARKETING_VERSION = 1.0;
				PRODUCT_BUNDLE_IDENTIFIER = com.company.WalETests;
				PRODUCT_NAME = "$(TARGET_NAME)";
				SWIFT_EMIT_LOC_STRINGS = NO;
				SWIFT_VERSION = 5.0;
				TARGETED_DEVICE_FAMILY = "1,2";
				TEST_HOST = "$(BUILT_PRODUCTS_DIR)/WalE.app/$(BUNDLE_EXECUTABLE_FOLDER_PATH)/WalE";
			};
			name = Release;
		};
		80D53ACB29DC33F80097E163 /* Debug */ = {
			isa = XCBuildConfiguration;
			buildSettings = {
				ALWAYS_EMBED_SWIFT_STANDARD_LIBRARIES = YES;
				CODE_SIGN_STYLE = Automatic;
				CURRENT_PROJECT_VERSION = 1;
				GENERATE_INFOPLIST_FILE = YES;
				MARKETING_VERSION = 1.0;
				PRODUCT_BUNDLE_IDENTIFIER = com.company.WalEUITests;
				PRODUCT_NAME = "$(TARGET_NAME)";
				SWIFT_EMIT_LOC_STRINGS = NO;
				SWIFT_VERSION = 5.0;
				TARGETED_DEVICE_FAMILY = "1,2";
				TEST_TARGET_NAME = WalE;
			};
			name = Debug;
		};
		80D53ACC29DC33F80097E163 /* Release */ = {
			isa = XCBuildConfiguration;
			buildSettings = {
				ALWAYS_EMBED_SWIFT_STANDARD_LIBRARIES = YES;
				CODE_SIGN_STYLE = Automatic;
				CURRENT_PROJECT_VERSION = 1;
				GENERATE_INFOPLIST_FILE = YES;
				MARKETING_VERSION = 1.0;
				PRODUCT_BUNDLE_IDENTIFIER = com.company.WalEUITests;
				PRODUCT_NAME = "$(TARGET_NAME)";
				SWIFT_EMIT_LOC_STRINGS = NO;
				SWIFT_VERSION = 5.0;
				TARGETED_DEVICE_FAMILY = "1,2";
				TEST_TARGET_NAME = WalE;
			};
			name = Release;
		};
/* End XCBuildConfiguration section */

/* Begin XCConfigurationList section */
		80D53A9529DC33F70097E163 /* Build configuration list for PBXProject "WalE" */ = {
			isa = XCConfigurationList;
			buildConfigurations = (
				80D53AC229DC33F80097E163 /* Debug */,
				80D53AC329DC33F80097E163 /* Release */,
			);
			defaultConfigurationIsVisible = 0;
			defaultConfigurationName = Release;
		};
		80D53AC429DC33F80097E163 /* Build configuration list for PBXNativeTarget "WalE" */ = {
			isa = XCConfigurationList;
			buildConfigurations = (
				80D53AC529DC33F80097E163 /* Debug */,
				80D53AC629DC33F80097E163 /* Release */,
			);
			defaultConfigurationIsVisible = 0;
			defaultConfigurationName = Release;
		};
		80D53AC729DC33F80097E163 /* Build configuration list for PBXNativeTarget "WalETests" */ = {
			isa = XCConfigurationList;
			buildConfigurations = (
				80D53AC829DC33F80097E163 /* Debug */,
				80D53AC929DC33F80097E163 /* Release */,
			);
			defaultConfigurationIsVisible = 0;
			defaultConfigurationName = Release;
		};
		80D53ACA29DC33F80097E163 /* Build configuration list for PBXNativeTarget "WalEUITests" */ = {
			isa = XCConfigurationList;
			buildConfigurations = (
				80D53ACB29DC33F80097E163 /* Debug */,
				80D53ACC29DC33F80097E163 /* Release */,
			);
			defaultConfigurationIsVisible = 0;
			defaultConfigurationName = Release;
		};
/* End XCConfigurationList section */

/* Begin XCVersionGroup section */
		80D53ADC29DC3A890097E163 /* WalE_DB.xcdatamodeld */ = {
			isa = XCVersionGroup;
			children = (
				80D53ADD29DC3A890097E163 /* WalE_DB.xcdatamodel */,
			);
			currentVersion = 80D53ADD29DC3A890097E163 /* WalE_DB.xcdatamodel */;
			path = WalE_DB.xcdatamodeld;
			sourceTree = "<group>";
			versionGroupType = wrapper.xcdatamodel;
		};
/* End XCVersionGroup section */
	};
	rootObject = 80D53A9229DC33F70097E163 /* Project object */;
}
